// !$*UTF8*$!
{
	archiveVersion = 1;
	classes = {
	};
	objectVersion = 46;
	objects = {

/* Begin PBXFileReference section */
		4C091D0E1A6AE2BC00C7B110 /* craters.cpp */ = {isa = PBXFileReference; fileEncoding = 4; lastKnownFileType = sourcecode.cpp.cpp; name = craters.cpp; path = ../../craters.cpp; sourceTree = "<group>"; };
		4C091D101A6AE2BC00C7B110 /* junk.cpp */ = {isa = PBXFileReference; fileEncoding = 4; lastKnownFileType = sourcecode.cpp.cpp; name = junk.cpp; path = ../../junk.cpp; sourceTree = "<group>"; };
		4C091D111A6AE2BC00C7B110 /* LICENSE */ = {isa = PBXFileReference; fileEncoding = 4; lastKnownFileType = text; name = LICENSE; path = ../../LICENSE; sourceTree = "<group>"; };
		4C091D121A6AE2BC00C7B110 /* Makefile */ = {isa = PBXFileReference; fileEncoding = 4; lastKnownFileType = sourcecode.make; name = Makefile; path = ../../Makefile; sourceTree = "<group>"; };
		4C091D201A6AEBBA00C7B110 /* Basics.cc */ = {isa = PBXFileReference; fileEncoding = 4; lastKnownFileType = sourcecode.cpp.cpp; path = Basics.cc; sourceTree = "<group>"; };
		4C091D211A6AEBBA00C7B110 /* Basics.hh */ = {isa = PBXFileReference; fileEncoding = 4; lastKnownFileType = sourcecode.cpp.h; path = Basics.hh; sourceTree = "<group>"; };
		4C091D221A6AEBBA00C7B110 /* Histogram.cc */ = {isa = PBXFileReference; fileEncoding = 4; lastKnownFileType = sourcecode.cpp.cpp; path = Histogram.cc; sourceTree = "<group>"; };
		4C091D231A6AEBBA00C7B110 /* Histogram.hh */ = {isa = PBXFileReference; fileEncoding = 4; lastKnownFileType = sourcecode.cpp.h; path = Histogram.hh; sourceTree = "<group>"; };
		4C091D241A6AEBBA00C7B110 /* RasterRegion.cc */ = {isa = PBXFileReference; fileEncoding = 4; lastKnownFileType = sourcecode.cpp.cpp; path = RasterRegion.cc; sourceTree = "<group>"; };
		4C091D251A6AEBBA00C7B110 /* RasterRegion.hh */ = {isa = PBXFileReference; fileEncoding = 4; lastKnownFileType = sourcecode.cpp.h; path = RasterRegion.hh; sourceTree = "<group>"; };
		4C091D261A6AEBBA00C7B110 /* RectRegion.cc */ = {isa = PBXFileReference; fileEncoding = 4; lastKnownFileType = sourcecode.cpp.cpp; path = RectRegion.cc; sourceTree = "<group>"; };
		4C091D271A6AEBBA00C7B110 /* RectRegion.hh */ = {isa = PBXFileReference; fileEncoding = 4; lastKnownFileType = sourcecode.cpp.h; path = RectRegion.hh; sourceTree = "<group>"; };
		4C091D281A6AEBBA00C7B110 /* Utils.cc */ = {isa = PBXFileReference; fileEncoding = 4; lastKnownFileType = sourcecode.cpp.cpp; path = Utils.cc; sourceTree = "<group>"; };
		4C091D291A6AEBBA00C7B110 /* Utils.hh */ = {isa = PBXFileReference; fileEncoding = 4; lastKnownFileType = sourcecode.cpp.h; path = Utils.hh; sourceTree = "<group>"; };
		4C091D2B1A6AEBBA00C7B110 /* Classify.cc */ = {isa = PBXFileReference; fileEncoding = 4; lastKnownFileType = sourcecode.cpp.cpp; path = Classify.cc; sourceTree = "<group>"; };
		4C091D2C1A6AEBBA00C7B110 /* Classify.hh */ = {isa = PBXFileReference; fileEncoding = 4; lastKnownFileType = sourcecode.cpp.h; path = Classify.hh; sourceTree = "<group>"; };
		4C091D2D1A6AEBBA00C7B110 /* Classify_ImageData.cc */ = {isa = PBXFileReference; fileEncoding = 4; lastKnownFileType = sourcecode.cpp.cpp; path = Classify_ImageData.cc; sourceTree = "<group>"; };
		4C091D2E1A6AEBBA00C7B110 /* Classify_IO.cc */ = {isa = PBXFileReference; fileEncoding = 4; lastKnownFileType = sourcecode.cpp.cpp; path = Classify_IO.cc; sourceTree = "<group>"; };
		4C091D2F1A6AEBBA00C7B110 /* Classify_Morphology.cc */ = {isa = PBXFileReference; fileEncoding = 4; lastKnownFileType = sourcecode.cpp.cpp; path = Classify_Morphology.cc; sourceTree = "<group>"; };
		4C091D301A6AEBBA00C7B110 /* Merger.cc */ = {isa = PBXFileReference; fileEncoding = 4; lastKnownFileType = sourcecode.cpp.cpp; path = Merger.cc; sourceTree = "<group>"; };
		4C091D311A6AEBBA00C7B110 /* Merger.hh */ = {isa = PBXFileReference; fileEncoding = 4; lastKnownFileType = sourcecode.cpp.h; path = Merger.hh; sourceTree = "<group>"; };
		4C091D321A6AEBBA00C7B110 /* Watershed.cc */ = {isa = PBXFileReference; fileEncoding = 4; lastKnownFileType = sourcecode.cpp.cpp; path = Watershed.cc; sourceTree = "<group>"; };
		4C091D331A6AEBBA00C7B110 /* craters.hh */ = {isa = PBXFileReference; fileEncoding = 4; lastKnownFileType = sourcecode.cpp.h; name = craters.hh; path = ../../craters.hh; sourceTree = "<group>"; };
		4C091D351A6AEBBA00C7B110 /* ComplexImage.cc */ = {isa = PBXFileReference; fileEncoding = 4; lastKnownFileType = sourcecode.cpp.cpp; path = ComplexImage.cc; sourceTree = "<group>"; };
		4C091D361A6AEBBA00C7B110 /* ComplexImage.hh */ = {isa = PBXFileReference; fileEncoding = 4; lastKnownFileType = sourcecode.cpp.h; path = ComplexImage.hh; sourceTree = "<group>"; };
		4C091D371A6AEBBA00C7B110 /* CraterFinder.cc */ = {isa = PBXFileReference; fileEncoding = 4; lastKnownFileType = sourcecode.cpp.cpp; path = CraterFinder.cc; sourceTree = "<group>"; };
		4C091D381A6AEBBA00C7B110 /* Image.cc */ = {isa = PBXFileReference; fileEncoding = 4; lastKnownFileType = sourcecode.cpp.cpp; path = Image.cc; sourceTree = "<group>"; };
		4C091D391A6AEBBA00C7B110 /* Image.hh */ = {isa = PBXFileReference; fileEncoding = 4; lastKnownFileType = sourcecode.cpp.h; path = Image.hh; sourceTree = "<group>"; };
		4C091D3A1A6AEBBA00C7B110 /* Image_Drawing.cc */ = {isa = PBXFileReference; fileEncoding = 4; lastKnownFileType = sourcecode.cpp.cpp; path = Image_Drawing.cc; sourceTree = "<group>"; };
		4C091D3B1A6AEBBA00C7B110 /* Image_Geometry.cc */ = {isa = PBXFileReference; fileEncoding = 4; lastKnownFileType = sourcecode.cpp.cpp; path = Image_Geometry.cc; sourceTree = "<group>"; };
		4C091D3C1A6AEBBA00C7B110 /* Image_IO.cc */ = {isa = PBXFileReference; fileEncoding = 4; lastKnownFileType = sourcecode.cpp.cpp; path = Image_IO.cc; sourceTree = "<group>"; };
		4C091D3D1A6AEBBA00C7B110 /* Image_Math.cc */ = {isa = PBXFileReference; fileEncoding = 4; lastKnownFileType = sourcecode.cpp.cpp; path = Image_Math.cc; sourceTree = "<group>"; };
		4C091D3E1A6AEBBA00C7B110 /* Image_Transforms.cc */ = {isa = PBXFileReference; fileEncoding = 4; lastKnownFileType = sourcecode.cpp.cpp; path = Image_Transforms.cc; sourceTree = "<group>"; };
		4C091D3F1A6AEBBA00C7B110 /* RGBImage.cc */ = {isa = PBXFileReference; fileEncoding = 4; lastKnownFileType = sourcecode.cpp.cpp; path = RGBImage.cc; sourceTree = "<group>"; };
		4C091D401A6AEBBA00C7B110 /* RGBImage.hh */ = {isa = PBXFileReference; fileEncoding = 4; lastKnownFileType = sourcecode.cpp.h; path = RGBImage.hh; sourceTree = "<group>"; };
		4C091D421A6AEBBA00C7B110 /* Interactive.cc */ = {isa = PBXFileReference; fileEncoding = 4; lastKnownFileType = sourcecode.cpp.cpp; path = Interactive.cc; sourceTree = "<group>"; };
		4C091D431A6AEBBA00C7B110 /* Interactive.hh */ = {isa = PBXFileReference; fileEncoding = 4; lastKnownFileType = sourcecode.cpp.h; path = Interactive.hh; sourceTree = "<group>"; };
		4C091D441A6AEBBA00C7B110 /* Interactive_Analytic.hh */ = {isa = PBXFileReference; fileEncoding = 4; lastKnownFileType = sourcecode.cpp.h; path = Interactive_Analytic.hh; sourceTree = "<group>"; };
		4C091D451A6AEBBA00C7B110 /* Interactive_FFT.hh */ = {isa = PBXFileReference; fileEncoding = 4; lastKnownFileType = sourcecode.cpp.h; path = Interactive_FFT.hh; sourceTree = "<group>"; };
		4C091D461A6AEBBA00C7B110 /* Interactive_FileIO.hh */ = {isa = PBXFileReference; fileEncoding = 4; lastKnownFileType = sourcecode.cpp.h; path = Interactive_FileIO.hh; sourceTree = "<group>"; };
		4C091D471A6AEBBA00C7B110 /* Interactive_Geo.hh */ = {isa = PBXFileReference; fileEncoding = 4; lastKnownFileType = sourcecode.cpp.h; path = Interactive_Geo.hh; sourceTree = "<group>"; };
		4C091D481A6AEBBA00C7B110 /* Interactive_IGen.hh */ = {isa = PBXFileReference; fileEncoding = 4; lastKnownFileType = sourcecode.cpp.h; path = Interactive_IGen.hh; sourceTree = "<group>"; };
		4C091D491A6AEBBA00C7B110 /* Interactive_IMath.hh */ = {isa = PBXFileReference; fileEncoding = 4; lastKnownFileType = sourcecode.cpp.h; path = Interactive_IMath.hh; sourceTree = "<group>"; };
		4C091D4A1A6AEBBA00C7B110 /* Interactive_IRec.hh */ = {isa = PBXFileReference; fileEncoding = 4; lastKnownFileType = sourcecode.cpp.h; path = Interactive_IRec.hh; sourceTree = "<group>"; };
		4C091D4B1A6AEBBA00C7B110 /* Interactive_ISeg.hh */ = {isa = PBXFileReference; fileEncoding = 4; lastKnownFileType = sourcecode.cpp.h; path = Interactive_ISeg.hh; sourceTree = "<group>"; };
		4C091D4C1A6AEBBA00C7B110 /* Interactive_Morpho.hh */ = {isa = PBXFileReference; fileEncoding = 4; lastKnownFileType = sourcecode.cpp.h; path = Interactive_Morpho.hh; sourceTree = "<group>"; };
		4C091D4D1A6AEBBA00C7B110 /* Interactive_Program.hh */ = {isa = PBXFileReference; fileEncoding = 4; lastKnownFileType = sourcecode.cpp.h; path = Interactive_Program.hh; sourceTree = "<group>"; };
		4C091D4E1A6AEBBA00C7B110 /* Interactive_Stack.cc */ = {isa = PBXFileReference; fileEncoding = 4; lastKnownFileType = sourcecode.cpp.cpp; path = Interactive_Stack.cc; sourceTree = "<group>"; };
		4C091D501A6AEBBA00C7B110 /* Interactive_Top.cc */ = {isa = PBXFileReference; fileEncoding = 4; lastKnownFileType = sourcecode.cpp.cpp; path = Interactive_Top.cc; sourceTree = "<group>"; };
		4C091D511A6AEBBA00C7B110 /* Interactive_TopInteractor.cc */ = {isa = PBXFileReference; fileEncoding = 4; lastKnownFileType = sourcecode.cpp.cpp; path = Interactive_TopInteractor.cc; sourceTree = "<group>"; };
		4C091D521A6AEBBA00C7B110 /* Interactive_Vis.hh */ = {isa = PBXFileReference; fileEncoding = 4; lastKnownFileType = sourcecode.cpp.h; path = Interactive_Vis.hh; sourceTree = "<group>"; };
		4C091D531A6AECFC00C7B110 /* Interactive_Stackops.hh */ = {isa = PBXFileReference; fileEncoding = 4; lastKnownFileType = sourcecode.cpp.h; path = Interactive_Stackops.hh; sourceTree = "<group>"; };
		4C091D541A6AEED400C7B110 /* README */ = {isa = PBXFileReference; fileEncoding = 4; lastKnownFileType = text; name = README; path = ../../README; sourceTree = "<group>"; };
/* End PBXFileReference section */

/* Begin PBXGroup section */
		4C091CD41A6AE2A000C7B110 = {
			isa = PBXGroup;
			children = (
				4C091D1F1A6AEBBA00C7B110 /* Base */,
				4C091D2A1A6AEBBA00C7B110 /* Classify */,
				4C091D341A6AEBBA00C7B110 /* Image */,
				4C091D411A6AEBBA00C7B110 /* Interactive */,
				4C091D331A6AEBBA00C7B110 /* craters.hh */,
				4C091D0E1A6AE2BC00C7B110 /* craters.cpp */,
				4C091D541A6AEED400C7B110 /* README */,
				4C091D101A6AE2BC00C7B110 /* junk.cpp */,
				4C091D111A6AE2BC00C7B110 /* LICENSE */,
				4C091D121A6AE2BC00C7B110 /* Makefile */,
			);
			sourceTree = "<group>";
		};
		4C091D1F1A6AEBBA00C7B110 /* Base */ = {
			isa = PBXGroup;
			children = (
				4C091D201A6AEBBA00C7B110 /* Basics.cc */,
				4C091D211A6AEBBA00C7B110 /* Basics.hh */,
				4C091D221A6AEBBA00C7B110 /* Histogram.cc */,
				4C091D231A6AEBBA00C7B110 /* Histogram.hh */,
				4C091D241A6AEBBA00C7B110 /* RasterRegion.cc */,
				4C091D251A6AEBBA00C7B110 /* RasterRegion.hh */,
				4C091D261A6AEBBA00C7B110 /* RectRegion.cc */,
				4C091D271A6AEBBA00C7B110 /* RectRegion.hh */,
				4C091D281A6AEBBA00C7B110 /* Utils.cc */,
				4C091D291A6AEBBA00C7B110 /* Utils.hh */,
			);
			name = Base;
			path = ../../Base;
			sourceTree = "<group>";
		};
		4C091D2A1A6AEBBA00C7B110 /* Classify */ = {
			isa = PBXGroup;
			children = (
				4C091D2B1A6AEBBA00C7B110 /* Classify.cc */,
				4C091D2C1A6AEBBA00C7B110 /* Classify.hh */,
				4C091D2D1A6AEBBA00C7B110 /* Classify_ImageData.cc */,
				4C091D2E1A6AEBBA00C7B110 /* Classify_IO.cc */,
				4C091D2F1A6AEBBA00C7B110 /* Classify_Morphology.cc */,
				4C091D301A6AEBBA00C7B110 /* Merger.cc */,
				4C091D311A6AEBBA00C7B110 /* Merger.hh */,
				4C091D321A6AEBBA00C7B110 /* Watershed.cc */,
			);
			name = Classify;
			path = ../../Classify;
			sourceTree = "<group>";
		};
		4C091D341A6AEBBA00C7B110 /* Image */ = {
			isa = PBXGroup;
			children = (
				4C091D351A6AEBBA00C7B110 /* ComplexImage.cc */,
				4C091D361A6AEBBA00C7B110 /* ComplexImage.hh */,
				4C091D371A6AEBBA00C7B110 /* CraterFinder.cc */,
				4C091D381A6AEBBA00C7B110 /* Image.cc */,
				4C091D391A6AEBBA00C7B110 /* Image.hh */,
				4C091D3A1A6AEBBA00C7B110 /* Image_Drawing.cc */,
				4C091D3B1A6AEBBA00C7B110 /* Image_Geometry.cc */,
				4C091D3C1A6AEBBA00C7B110 /* Image_IO.cc */,
				4C091D3D1A6AEBBA00C7B110 /* Image_Math.cc */,
				4C091D3E1A6AEBBA00C7B110 /* Image_Transforms.cc */,
				4C091D3F1A6AEBBA00C7B110 /* RGBImage.cc */,
				4C091D401A6AEBBA00C7B110 /* RGBImage.hh */,
			);
			name = Image;
			path = ../../Image;
			sourceTree = "<group>";
		};
		4C091D411A6AEBBA00C7B110 /* Interactive */ = {
			isa = PBXGroup;
			children = (
				4C091D421A6AEBBA00C7B110 /* Interactive.cc */,
				4C091D431A6AEBBA00C7B110 /* Interactive.hh */,
				4C091D441A6AEBBA00C7B110 /* Interactive_Analytic.hh */,
				4C091D451A6AEBBA00C7B110 /* Interactive_FFT.hh */,
				4C091D461A6AEBBA00C7B110 /* Interactive_FileIO.hh */,
				4C091D471A6AEBBA00C7B110 /* Interactive_Geo.hh */,
				4C091D481A6AEBBA00C7B110 /* Interactive_IGen.hh */,
				4C091D491A6AEBBA00C7B110 /* Interactive_IMath.hh */,
				4C091D4A1A6AEBBA00C7B110 /* Interactive_IRec.hh */,
				4C091D4B1A6AEBBA00C7B110 /* Interactive_ISeg.hh */,
				4C091D4C1A6AEBBA00C7B110 /* Interactive_Morpho.hh */,
				4C091D4D1A6AEBBA00C7B110 /* Interactive_Program.hh */,
				4C091D4E1A6AEBBA00C7B110 /* Interactive_Stack.cc */,
				4C091D531A6AECFC00C7B110 /* Interactive_Stackops.hh */,
				4C091D501A6AEBBA00C7B110 /* Interactive_Top.cc */,
				4C091D511A6AEBBA00C7B110 /* Interactive_TopInteractor.cc */,
				4C091D521A6AEBBA00C7B110 /* Interactive_Vis.hh */,
			);
			name = Interactive;
			path = ../../Interactive;
			sourceTree = "<group>";
		};
/* End PBXGroup section */

/* Begin PBXLegacyTarget section */
		4C091CD91A6AE2A000C7B110 /* Cratermatic */ = {
			isa = PBXLegacyTarget;
			buildArgumentsString = "$(ACTION)";
			buildConfigurationList = 4C091CDC1A6AE2A000C7B110 /* Build configuration list for PBXLegacyTarget "Cratermatic" */;
			buildPhases = (
			);
			buildToolPath = /usr/bin/make;
			dependencies = (
			);
			name = Cratermatic;
			passBuildSettingsInEnvironment = 1;
			productName = Cratermatic;
		};
/* End PBXLegacyTarget section */

/* Begin PBXProject section */
		4C091CD51A6AE2A000C7B110 /* Project object */ = {
			isa = PBXProject;
			attributes = {
				LastUpgradeCheck = 0610;
				ORGANIZATIONNAME = "Michael Mendenhall";
				TargetAttributes = {
					4C091CD91A6AE2A000C7B110 = {
						CreatedOnToolsVersion = 6.1.1;
					};
				};
			};
			buildConfigurationList = 4C091CD81A6AE2A000C7B110 /* Build configuration list for PBXProject "Cratermatic" */;
			compatibilityVersion = "Xcode 3.2";
			developmentRegion = English;
			hasScannedForEncodings = 0;
			knownRegions = (
				en,
			);
			mainGroup = 4C091CD41A6AE2A000C7B110;
			projectDirPath = "";
			projectRoot = "";
			targets = (
				4C091CD91A6AE2A000C7B110 /* Cratermatic */,
			);
		};
/* End PBXProject section */

/* Begin XCBuildConfiguration section */
		4C091CDA1A6AE2A000C7B110 /* Debug */ = {
			isa = XCBuildConfiguration;
			buildSettings = {
				ALWAYS_SEARCH_USER_PATHS = NO;
				CLANG_CXX_LANGUAGE_STANDARD = "gnu++0x";
				CLANG_CXX_LIBRARY = "libc++";
				CLANG_ENABLE_MODULES = YES;
				CLANG_ENABLE_OBJC_ARC = YES;
				CLANG_WARN_BOOL_CONVERSION = YES;
				CLANG_WARN_CONSTANT_CONVERSION = YES;
				CLANG_WARN_DIRECT_OBJC_ISA_USAGE = YES_ERROR;
				CLANG_WARN_EMPTY_BODY = YES;
				CLANG_WARN_ENUM_CONVERSION = YES;
				CLANG_WARN_INT_CONVERSION = YES;
				CLANG_WARN_OBJC_ROOT_CLASS = YES_ERROR;
				CLANG_WARN_UNREACHABLE_CODE = YES;
				CLANG_WARN__DUPLICATE_METHOD_MATCH = YES;
				COPY_PHASE_STRIP = NO;
				ENABLE_STRICT_OBJC_MSGSEND = YES;
				GCC_C_LANGUAGE_STANDARD = gnu99;
				GCC_DYNAMIC_NO_PIC = NO;
				GCC_OPTIMIZATION_LEVEL = 0;
				GCC_PREPROCESSOR_DEFINITIONS = (
					"DEBUG=1",
					"$(inherited)",
				);
				GCC_SYMBOLS_PRIVATE_EXTERN = NO;
				GCC_WARN_64_TO_32_BIT_CONVERSION = YES;
				GCC_WARN_ABOUT_RETURN_TYPE = YES_ERROR;
				GCC_WARN_UNDECLARED_SELECTOR = YES;
				GCC_WARN_UNINITIALIZED_AUTOS = YES_AGGRESSIVE;
				GCC_WARN_UNUSED_FUNCTION = YES;
				GCC_WARN_UNUSED_VARIABLE = YES;
				MACOSX_DEPLOYMENT_TARGET = 10.10;
				MTL_ENABLE_DEBUG_INFO = YES;
				ONLY_ACTIVE_ARCH = YES;
				SDKROOT = macosx;
			};
			name = Debug;
		};
		4C091CDB1A6AE2A000C7B110 /* Release */ = {
			isa = XCBuildConfiguration;
			buildSettings = {
				ALWAYS_SEARCH_USER_PATHS = NO;
				CLANG_CXX_LANGUAGE_STANDARD = "gnu++0x";
				CLANG_CXX_LIBRARY = "libc++";
				CLANG_ENABLE_MODULES = YES;
				CLANG_ENABLE_OBJC_ARC = YES;
				CLANG_WARN_BOOL_CONVERSION = YES;
				CLANG_WARN_CONSTANT_CONVERSION = YES;
				CLANG_WARN_DIRECT_OBJC_ISA_USAGE = YES_ERROR;
				CLANG_WARN_EMPTY_BODY = YES;
				CLANG_WARN_ENUM_CONVERSION = YES;
				CLANG_WARN_INT_CONVERSION = YES;
				CLANG_WARN_OBJC_ROOT_CLASS = YES_ERROR;
				CLANG_WARN_UNREACHABLE_CODE = YES;
				CLANG_WARN__DUPLICATE_METHOD_MATCH = YES;
				COPY_PHASE_STRIP = YES;
				DEBUG_INFORMATION_FORMAT = "dwarf-with-dsym";
				ENABLE_NS_ASSERTIONS = NO;
				ENABLE_STRICT_OBJC_MSGSEND = YES;
				GCC_C_LANGUAGE_STANDARD = gnu99;
				GCC_WARN_64_TO_32_BIT_CONVERSION = YES;
				GCC_WARN_ABOUT_RETURN_TYPE = YES_ERROR;
				GCC_WARN_UNDECLARED_SELECTOR = YES;
				GCC_WARN_UNINITIALIZED_AUTOS = YES_AGGRESSIVE;
				GCC_WARN_UNUSED_FUNCTION = YES;
				GCC_WARN_UNUSED_VARIABLE = YES;
				MACOSX_DEPLOYMENT_TARGET = 10.10;
				MTL_ENABLE_DEBUG_INFO = NO;
				SDKROOT = macosx;
			};
			name = Release;
		};
		4C091CDD1A6AE2A000C7B110 /* Debug */ = {
			isa = XCBuildConfiguration;
			buildSettings = {
				DEBUGGING_SYMBOLS = YES;
				GCC_GENERATE_DEBUGGING_SYMBOLS = YES;
				GCC_OPTIMIZATION_LEVEL = 0;
				OTHER_CFLAGS = "";
				OTHER_LDFLAGS = "";
				PRODUCT_NAME = "$(TARGET_NAME)";
			};
			name = Debug;
		};
		4C091CDE1A6AE2A000C7B110 /* Release */ = {
			isa = XCBuildConfiguration;
			buildSettings = {
				OTHER_CFLAGS = "";
				OTHER_LDFLAGS = "";
				PRODUCT_NAME = "$(TARGET_NAME)";
			};
			name = Release;
		};
/* End XCBuildConfiguration section */

/* Begin XCConfigurationList section */
		4C091CD81A6AE2A000C7B110 /* Build configuration list for PBXProject "Cratermatic" */ = {
			isa = XCConfigurationList;
			buildConfigurations = (
				4C091CDA1A6AE2A000C7B110 /* Debug */,
				4C091CDB1A6AE2A000C7B110 /* Release */,
			);
			defaultConfigurationIsVisible = 0;
			defaultConfigurationName = Release;
		};
		4C091CDC1A6AE2A000C7B110 /* Build configuration list for PBXLegacyTarget "Cratermatic" */ = {
			isa = XCConfigurationList;
			buildConfigurations = (
				4C091CDD1A6AE2A000C7B110 /* Debug */,
				4C091CDE1A6AE2A000C7B110 /* Release */,
			);
			defaultConfigurationIsVisible = 0;
		};
/* End XCConfigurationList section */
	};
	rootObject = 4C091CD51A6AE2A000C7B110 /* Project object */;
}
